
Microsoft Visual Studio Solution File, Format Version 12.00
# Visual Studio 2012
Project("{FAE04EC0-301F-11D3-BF4B-00C04F79EFBC}") = "Manisero.PerformanceMonitor", "Manisero.PerformanceMonitor\Manisero.PerformanceMonitor.csproj", "{F2DC80CD-267E-4AF8-A568-E18FC776E3F9}"
EndProject
Project("{FAE04EC0-301F-11D3-BF4B-00C04F79EFBC}") = "Manisero.PerformanceMonitor.Tests", "Manisero.PerformanceMonitor.Tests\Manisero.PerformanceMonitor.Tests.csproj", "{B19B4124-FE85-4034-A0F3-54D65DD80A15}"
EndProject
Global
	GlobalSection(SolutionConfigurationPlatforms) = preSolution
		Debug|Any CPU = Debug|Any CPU
		Release|Any CPU = Release|Any CPU
	EndGlobalSection
	GlobalSection(ProjectConfigurationPlatforms) = postSolution
		{F2DC80CD-267E-4AF8-A568-E18FC776E3F9}.Debug|Any CPU.ActiveCfg = Debug|Any CPU
		{F2DC80CD-267E-4AF8-A568-E18FC776E3F9}.Debug|Any CPU.Build.0 = Debug|Any CPU
		{F2DC80CD-267E-4AF8-A568-E18FC776E3F9}.Release|Any CPU.ActiveCfg = Release|Any CPU
		{F2DC80CD-267E-4AF8-A568-E18FC776E3F9}.Release|Any CPU.Build.0 = Release|Any CPU
		{B19B4124-FE85-4034-A0F3-54D65DD80A15}.Debug|Any CPU.ActiveCfg = Debug|Any CPU
		{B19B4124-FE85-4034-A0F3-54D65DD80A15}.Debug|Any CPU.Build.0 = Debug|Any CPU
		{B19B4124-FE85-4034-A0F3-54D65DD80A15}.Release|Any CPU.ActiveCfg = Release|Any CPU
		{B19B4124-FE85-4034-A0F3-54D65DD80A15}.Release|Any CPU.Build.0 = Release|Any CPU
	EndGlobalSection
	GlobalSection(SolutionProperties) = preSolution
		HideSolutionNode = FALSE
	EndGlobalSection
EndGlobal
